// !$*UTF8*$!
{
	archiveVersion = 1;
	classes = {
	};
	objectVersion = 50;
	objects = {

/* Begin PBXBuildFile section */
		4D3AD18C242BA714007E2D8A /* AppDelegate.swift in Sources */ = {isa = PBXBuildFile; fileRef = 4D3AD18B242BA714007E2D8A /* AppDelegate.swift */; };
		4D3AD18E242BA714007E2D8A /* SceneDelegate.swift in Sources */ = {isa = PBXBuildFile; fileRef = 4D3AD18D242BA714007E2D8A /* SceneDelegate.swift */; };
		4D3AD195242BA718007E2D8A /* Assets.xcassets in Resources */ = {isa = PBXBuildFile; fileRef = 4D3AD194242BA718007E2D8A /* Assets.xcassets */; };
		4D3AD198242BA718007E2D8A /* LaunchScreen.storyboard in Resources */ = {isa = PBXBuildFile; fileRef = 4D3AD196242BA718007E2D8A /* LaunchScreen.storyboard */; };
		4D3AD1A3242BA719007E2D8A /* MobileDiaryTests.swift in Sources */ = {isa = PBXBuildFile; fileRef = 4D3AD1A2242BA719007E2D8A /* MobileDiaryTests.swift */; };
		4D3AD1AE242BA719007E2D8A /* MobileDiaryUITests.swift in Sources */ = {isa = PBXBuildFile; fileRef = 4D3AD1AD242BA719007E2D8A /* MobileDiaryUITests.swift */; };
		4D3AD1BE242BA7CF007E2D8A /* Localizable.strings in Resources */ = {isa = PBXBuildFile; fileRef = 4D3AD1BD242BA7CF007E2D8A /* Localizable.strings */; };
		4D3AD1C2242BA8A6007E2D8A /* Coordinator.swift in Sources */ = {isa = PBXBuildFile; fileRef = 4D3AD1C1242BA8A6007E2D8A /* Coordinator.swift */; };
		4D3AD1C4242BA8C7007E2D8A /* ApplicationCoordinator.swift in Sources */ = {isa = PBXBuildFile; fileRef = 4D3AD1C3242BA8C7007E2D8A /* ApplicationCoordinator.swift */; };
		4D3AD1C7242BA94F007E2D8A /* HomeCoordinator.swift in Sources */ = {isa = PBXBuildFile; fileRef = 4D3AD1C6242BA94F007E2D8A /* HomeCoordinator.swift */; };
		4D3AD1CA242BA95B007E2D8A /* HomeViewController.swift in Sources */ = {isa = PBXBuildFile; fileRef = 4D3AD1C8242BA95B007E2D8A /* HomeViewController.swift */; };
		4D3AD1CB242BA95B007E2D8A /* HomeViewController.xib in Resources */ = {isa = PBXBuildFile; fileRef = 4D3AD1C9242BA95B007E2D8A /* HomeViewController.xib */; };
		4D3AD1CD242BAA70007E2D8A /* HomeViewModel.swift in Sources */ = {isa = PBXBuildFile; fileRef = 4D3AD1CC242BAA70007E2D8A /* HomeViewModel.swift */; };
		4DA3990F242CFDC3004838F8 /* Diary.swift in Sources */ = {isa = PBXBuildFile; fileRef = 4DA3990E242CFDC3004838F8 /* Diary.swift */; };
		4DA39911242CFE07004838F8 /* UserDefaultsKey.swift in Sources */ = {isa = PBXBuildFile; fileRef = 4DA39910242CFE07004838F8 /* UserDefaultsKey.swift */; };
		4DA39914242D09C8004838F8 /* Date+Extension.swift in Sources */ = {isa = PBXBuildFile; fileRef = 4DA39913242D09C8004838F8 /* Date+Extension.swift */; };
		4DA3991B242D577C004838F8 /* DiaryDetailViewController.swift in Sources */ = {isa = PBXBuildFile; fileRef = 4DA39919242D577C004838F8 /* DiaryDetailViewController.swift */; };
		4DA3991C242D577C004838F8 /* DiaryDetailViewController.xib in Resources */ = {isa = PBXBuildFile; fileRef = 4DA3991A242D577C004838F8 /* DiaryDetailViewController.xib */; };
		4DA3991E242D6403004838F8 /* Dynamic.swift in Sources */ = {isa = PBXBuildFile; fileRef = 4DA3991D242D6403004838F8 /* Dynamic.swift */; };
		4DA39926242D66E9004838F8 /* DiaryTableViewCell.swift in Sources */ = {isa = PBXBuildFile; fileRef = 4DA39925242D66E9004838F8 /* DiaryTableViewCell.swift */; };
		4DA39928242D6748004838F8 /* String+Localization.swift in Sources */ = {isa = PBXBuildFile; fileRef = 4DA39927242D6748004838F8 /* String+Localization.swift */; };
		4DA3992A242D691D004838F8 /* UIViewController+Extension.swift in Sources */ = {isa = PBXBuildFile; fileRef = 4DA39929242D691D004838F8 /* UIViewController+Extension.swift */; };
		4DB9AA31242C19E100D08E1E /* BiometryAuthorization.swift in Sources */ = {isa = PBXBuildFile; fileRef = 4DB9AA30242C19E100D08E1E /* BiometryAuthorization.swift */; };
		4DB9AA35242C1FCE00D08E1E /* NewEntryViewModel.swift in Sources */ = {isa = PBXBuildFile; fileRef = 4DB9AA34242C1FCE00D08E1E /* NewEntryViewModel.swift */; };
		4DB9AA37242C1FD900D08E1E /* NewEntryCoordinator.swift in Sources */ = {isa = PBXBuildFile; fileRef = 4DB9AA36242C1FD900D08E1E /* NewEntryCoordinator.swift */; };
		4DB9AA3A242C1FE200D08E1E /* NewEntryViewController.swift in Sources */ = {isa = PBXBuildFile; fileRef = 4DB9AA38242C1FE200D08E1E /* NewEntryViewController.swift */; };
		4DB9AA3B242C1FE200D08E1E /* NewEntryViewController.xib in Resources */ = {isa = PBXBuildFile; fileRef = 4DB9AA39242C1FE200D08E1E /* NewEntryViewController.xib */; };
		4DB9AA41242C200200D08E1E /* DiaryDetailCoordinator.swift in Sources */ = {isa = PBXBuildFile; fileRef = 4DB9AA40242C200200D08E1E /* DiaryDetailCoordinator.swift */; };
		4DB9AA43242C200900D08E1E /* DiaryDetailViewModel.swift in Sources */ = {isa = PBXBuildFile; fileRef = 4DB9AA42242C200900D08E1E /* DiaryDetailViewModel.swift */; };
		4DB9AA48242C30D100D08E1E /* DiaryTableViewCell.xib in Resources */ = {isa = PBXBuildFile; fileRef = 4DB9AA46242C30D100D08E1E /* DiaryTableViewCell.xib */; };
		4DB9AA4A242C314500D08E1E /* DiaryCellViewModel.swift in Sources */ = {isa = PBXBuildFile; fileRef = 4DB9AA49242C314500D08E1E /* DiaryCellViewModel.swift */; };
/* End PBXBuildFile section */

/* Begin PBXContainerItemProxy section */
		4D3AD19F242BA719007E2D8A /* PBXContainerItemProxy */ = {
			isa = PBXContainerItemProxy;
			containerPortal = 4D3AD180242BA714007E2D8A /* Project object */;
			proxyType = 1;
			remoteGlobalIDString = 4D3AD187242BA714007E2D8A;
			remoteInfo = MobileDiary;
		};
		4D3AD1AA242BA719007E2D8A /* PBXContainerItemProxy */ = {
			isa = PBXContainerItemProxy;
			containerPortal = 4D3AD180242BA714007E2D8A /* Project object */;
			proxyType = 1;
			remoteGlobalIDString = 4D3AD187242BA714007E2D8A;
			remoteInfo = MobileDiary;
		};
/* End PBXContainerItemProxy section */

/* Begin PBXFileReference section */
		4D3AD188242BA714007E2D8A /* MobileDiary.app */ = {isa = PBXFileReference; explicitFileType = wrapper.application; includeInIndex = 0; path = MobileDiary.app; sourceTree = BUILT_PRODUCTS_DIR; };
		4D3AD18B242BA714007E2D8A /* AppDelegate.swift */ = {isa = PBXFileReference; lastKnownFileType = sourcecode.swift; path = AppDelegate.swift; sourceTree = "<group>"; };
		4D3AD18D242BA714007E2D8A /* SceneDelegate.swift */ = {isa = PBXFileReference; lastKnownFileType = sourcecode.swift; path = SceneDelegate.swift; sourceTree = "<group>"; };
		4D3AD194242BA718007E2D8A /* Assets.xcassets */ = {isa = PBXFileReference; lastKnownFileType = folder.assetcatalog; path = Assets.xcassets; sourceTree = "<group>"; };
		4D3AD197242BA718007E2D8A /* Base */ = {isa = PBXFileReference; lastKnownFileType = file.storyboard; name = Base; path = Base.lproj/LaunchScreen.storyboard; sourceTree = "<group>"; };
		4D3AD199242BA718007E2D8A /* Info.plist */ = {isa = PBXFileReference; lastKnownFileType = text.plist.xml; path = Info.plist; sourceTree = "<group>"; };
		4D3AD19E242BA719007E2D8A /* MobileDiaryTests.xctest */ = {isa = PBXFileReference; explicitFileType = wrapper.cfbundle; includeInIndex = 0; path = MobileDiaryTests.xctest; sourceTree = BUILT_PRODUCTS_DIR; };
		4D3AD1A2242BA719007E2D8A /* MobileDiaryTests.swift */ = {isa = PBXFileReference; lastKnownFileType = sourcecode.swift; path = MobileDiaryTests.swift; sourceTree = "<group>"; };
		4D3AD1A4242BA719007E2D8A /* Info.plist */ = {isa = PBXFileReference; lastKnownFileType = text.plist.xml; path = Info.plist; sourceTree = "<group>"; };
		4D3AD1A9242BA719007E2D8A /* MobileDiaryUITests.xctest */ = {isa = PBXFileReference; explicitFileType = wrapper.cfbundle; includeInIndex = 0; path = MobileDiaryUITests.xctest; sourceTree = BUILT_PRODUCTS_DIR; };
		4D3AD1AD242BA719007E2D8A /* MobileDiaryUITests.swift */ = {isa = PBXFileReference; lastKnownFileType = sourcecode.swift; path = MobileDiaryUITests.swift; sourceTree = "<group>"; };
		4D3AD1AF242BA719007E2D8A /* Info.plist */ = {isa = PBXFileReference; lastKnownFileType = text.plist.xml; path = Info.plist; sourceTree = "<group>"; };
		4D3AD1BD242BA7CF007E2D8A /* Localizable.strings */ = {isa = PBXFileReference; lastKnownFileType = text.plist.strings; path = Localizable.strings; sourceTree = "<group>"; };
		4D3AD1C1242BA8A6007E2D8A /* Coordinator.swift */ = {isa = PBXFileReference; lastKnownFileType = sourcecode.swift; path = Coordinator.swift; sourceTree = "<group>"; };
		4D3AD1C3242BA8C7007E2D8A /* ApplicationCoordinator.swift */ = {isa = PBXFileReference; lastKnownFileType = sourcecode.swift; path = ApplicationCoordinator.swift; sourceTree = "<group>"; };
		4D3AD1C6242BA94F007E2D8A /* HomeCoordinator.swift */ = {isa = PBXFileReference; lastKnownFileType = sourcecode.swift; path = HomeCoordinator.swift; sourceTree = "<group>"; };
		4D3AD1C8242BA95B007E2D8A /* HomeViewController.swift */ = {isa = PBXFileReference; lastKnownFileType = sourcecode.swift; path = HomeViewController.swift; sourceTree = "<group>"; };
		4D3AD1C9242BA95B007E2D8A /* HomeViewController.xib */ = {isa = PBXFileReference; lastKnownFileType = file.xib; path = HomeViewController.xib; sourceTree = "<group>"; };
		4D3AD1CC242BAA70007E2D8A /* HomeViewModel.swift */ = {isa = PBXFileReference; lastKnownFileType = sourcecode.swift; path = HomeViewModel.swift; sourceTree = "<group>"; };
		4DA3990E242CFDC3004838F8 /* Diary.swift */ = {isa = PBXFileReference; lastKnownFileType = sourcecode.swift; path = Diary.swift; sourceTree = "<group>"; };
		4DA39910242CFE07004838F8 /* UserDefaultsKey.swift */ = {isa = PBXFileReference; lastKnownFileType = sourcecode.swift; path = UserDefaultsKey.swift; sourceTree = "<group>"; };
		4DA39913242D09C8004838F8 /* Date+Extension.swift */ = {isa = PBXFileReference; lastKnownFileType = sourcecode.swift; path = "Date+Extension.swift"; sourceTree = "<group>"; };
		4DA39919242D577C004838F8 /* DiaryDetailViewController.swift */ = {isa = PBXFileReference; lastKnownFileType = sourcecode.swift; path = DiaryDetailViewController.swift; sourceTree = "<group>"; };
		4DA3991A242D577C004838F8 /* DiaryDetailViewController.xib */ = {isa = PBXFileReference; lastKnownFileType = file.xib; path = DiaryDetailViewController.xib; sourceTree = "<group>"; };
		4DA3991D242D6403004838F8 /* Dynamic.swift */ = {isa = PBXFileReference; lastKnownFileType = sourcecode.swift; path = Dynamic.swift; sourceTree = "<group>"; };
		4DA39925242D66E9004838F8 /* DiaryTableViewCell.swift */ = {isa = PBXFileReference; fileEncoding = 4; lastKnownFileType = sourcecode.swift; path = DiaryTableViewCell.swift; sourceTree = "<group>"; };
		4DA39927242D6748004838F8 /* String+Localization.swift */ = {isa = PBXFileReference; lastKnownFileType = sourcecode.swift; path = "String+Localization.swift"; sourceTree = "<group>"; };
		4DA39929242D691D004838F8 /* UIViewController+Extension.swift */ = {isa = PBXFileReference; lastKnownFileType = sourcecode.swift; path = "UIViewController+Extension.swift"; sourceTree = "<group>"; };
		4DB9AA30242C19E100D08E1E /* BiometryAuthorization.swift */ = {isa = PBXFileReference; lastKnownFileType = sourcecode.swift; path = BiometryAuthorization.swift; sourceTree = "<group>"; };
		4DB9AA34242C1FCE00D08E1E /* NewEntryViewModel.swift */ = {isa = PBXFileReference; lastKnownFileType = sourcecode.swift; path = NewEntryViewModel.swift; sourceTree = "<group>"; };
		4DB9AA36242C1FD900D08E1E /* NewEntryCoordinator.swift */ = {isa = PBXFileReference; lastKnownFileType = sourcecode.swift; path = NewEntryCoordinator.swift; sourceTree = "<group>"; };
		4DB9AA38242C1FE200D08E1E /* NewEntryViewController.swift */ = {isa = PBXFileReference; lastKnownFileType = sourcecode.swift; path = NewEntryViewController.swift; sourceTree = "<group>"; };
		4DB9AA39242C1FE200D08E1E /* NewEntryViewController.xib */ = {isa = PBXFileReference; lastKnownFileType = file.xib; path = NewEntryViewController.xib; sourceTree = "<group>"; };
		4DB9AA40242C200200D08E1E /* DiaryDetailCoordinator.swift */ = {isa = PBXFileReference; lastKnownFileType = sourcecode.swift; path = DiaryDetailCoordinator.swift; sourceTree = "<group>"; };
		4DB9AA42242C200900D08E1E /* DiaryDetailViewModel.swift */ = {isa = PBXFileReference; lastKnownFileType = sourcecode.swift; path = DiaryDetailViewModel.swift; sourceTree = "<group>"; };
		4DB9AA46242C30D100D08E1E /* DiaryTableViewCell.xib */ = {isa = PBXFileReference; lastKnownFileType = file.xib; path = DiaryTableViewCell.xib; sourceTree = "<group>"; };
		4DB9AA49242C314500D08E1E /* DiaryCellViewModel.swift */ = {isa = PBXFileReference; lastKnownFileType = sourcecode.swift; path = DiaryCellViewModel.swift; sourceTree = "<group>"; };
/* End PBXFileReference section */

/* Begin PBXFrameworksBuildPhase section */
		4D3AD185242BA714007E2D8A /* Frameworks */ = {
			isa = PBXFrameworksBuildPhase;
			buildActionMask = 2147483647;
			files = (
			);
			runOnlyForDeploymentPostprocessing = 0;
		};
		4D3AD19B242BA719007E2D8A /* Frameworks */ = {
			isa = PBXFrameworksBuildPhase;
			buildActionMask = 2147483647;
			files = (
			);
			runOnlyForDeploymentPostprocessing = 0;
		};
		4D3AD1A6242BA719007E2D8A /* Frameworks */ = {
			isa = PBXFrameworksBuildPhase;
			buildActionMask = 2147483647;
			files = (
			);
			runOnlyForDeploymentPostprocessing = 0;
		};
/* End PBXFrameworksBuildPhase section */

/* Begin PBXGroup section */
		4D3AD17F242BA714007E2D8A = {
			isa = PBXGroup;
			children = (
				4D3AD18A242BA714007E2D8A /* MobileDiary */,
				4D3AD1A1242BA719007E2D8A /* MobileDiaryTests */,
				4D3AD1AC242BA719007E2D8A /* MobileDiaryUITests */,
				4D3AD189242BA714007E2D8A /* Products */,
			);
			sourceTree = "<group>";
		};
		4D3AD189242BA714007E2D8A /* Products */ = {
			isa = PBXGroup;
			children = (
				4D3AD188242BA714007E2D8A /* MobileDiary.app */,
				4D3AD19E242BA719007E2D8A /* MobileDiaryTests.xctest */,
				4D3AD1A9242BA719007E2D8A /* MobileDiaryUITests.xctest */,
			);
			name = Products;
			sourceTree = "<group>";
		};
		4D3AD18A242BA714007E2D8A /* MobileDiary */ = {
			isa = PBXGroup;
			children = (
				4DA39912242D09B5004838F8 /* Extensions */,
				4DA3990D242CFDB4004838F8 /* Models */,
				4D3AD1BB242BA7AB007E2D8A /* Application */,
				4D3AD196242BA718007E2D8A /* LaunchScreen.storyboard */,
				4D3AD1BC242BA7B1007E2D8A /* Resources */,
				4D3AD1BF242BA7E2007E2D8A /* Scenes */,
				4DB9AA2F242C19D100D08E1E /* Utils */,
			);
			path = MobileDiary;
			sourceTree = "<group>";
		};
		4D3AD1A1242BA719007E2D8A /* MobileDiaryTests */ = {
			isa = PBXGroup;
			children = (
				4D3AD1A2242BA719007E2D8A /* MobileDiaryTests.swift */,
				4D3AD1A4242BA719007E2D8A /* Info.plist */,
			);
			path = MobileDiaryTests;
			sourceTree = "<group>";
		};
		4D3AD1AC242BA719007E2D8A /* MobileDiaryUITests */ = {
			isa = PBXGroup;
			children = (
				4D3AD1AD242BA719007E2D8A /* MobileDiaryUITests.swift */,
				4D3AD1AF242BA719007E2D8A /* Info.plist */,
			);
			path = MobileDiaryUITests;
			sourceTree = "<group>";
		};
		4D3AD1BB242BA7AB007E2D8A /* Application */ = {
			isa = PBXGroup;
			children = (
				4D3AD18B242BA714007E2D8A /* AppDelegate.swift */,
				4D3AD1C1242BA8A6007E2D8A /* Coordinator.swift */,
				4D3AD199242BA718007E2D8A /* Info.plist */,
				4D3AD18D242BA714007E2D8A /* SceneDelegate.swift */,
			);
			path = Application;
			sourceTree = "<group>";
		};
		4D3AD1BC242BA7B1007E2D8A /* Resources */ = {
			isa = PBXGroup;
			children = (
				4D3AD194242BA718007E2D8A /* Assets.xcassets */,
				4D3AD1BD242BA7CF007E2D8A /* Localizable.strings */,
			);
			path = Resources;
			sourceTree = "<group>";
		};
		4D3AD1BF242BA7E2007E2D8A /* Scenes */ = {
			isa = PBXGroup;
			children = (
				4D3AD1C0242BA887007E2D8A /* Application */,
				4DB9AA33242C1FBA00D08E1E /* DiaryDetail */,
				4D3AD1C5242BA942007E2D8A /* Home */,
				4DB9AA32242C1F9E00D08E1E /* NewEntry */,
			);
			path = Scenes;
			sourceTree = "<group>";
		};
		4D3AD1C0242BA887007E2D8A /* Application */ = {
			isa = PBXGroup;
			children = (
				4D3AD1C3242BA8C7007E2D8A /* ApplicationCoordinator.swift */,
			);
			path = Application;
			sourceTree = "<group>";
		};
		4D3AD1C5242BA942007E2D8A /* Home */ = {
			isa = PBXGroup;
			children = (
				4DB9AA44242C2CFE00D08E1E /* DiaryCell */,
				4D3AD1C6242BA94F007E2D8A /* HomeCoordinator.swift */,
				4D3AD1C8242BA95B007E2D8A /* HomeViewController.swift */,
				4D3AD1C9242BA95B007E2D8A /* HomeViewController.xib */,
				4D3AD1CC242BAA70007E2D8A /* HomeViewModel.swift */,
			);
			path = Home;
			sourceTree = "<group>";
		};
		4DA3990D242CFDB4004838F8 /* Models */ = {
			isa = PBXGroup;
			children = (
				4DA3990E242CFDC3004838F8 /* Diary.swift */,
			);
			path = Models;
			sourceTree = "<group>";
		};
		4DA39912242D09B5004838F8 /* Extensions */ = {
			isa = PBXGroup;
			children = (
				4DA39913242D09C8004838F8 /* Date+Extension.swift */,
				4DA39927242D6748004838F8 /* String+Localization.swift */,
				4DA39929242D691D004838F8 /* UIViewController+Extension.swift */,
			);
			path = Extensions;
			sourceTree = "<group>";
		};
		4DB9AA2F242C19D100D08E1E /* Utils */ = {
			isa = PBXGroup;
			children = (
				4DB9AA30242C19E100D08E1E /* BiometryAuthorization.swift */,
				4DA3991D242D6403004838F8 /* Dynamic.swift */,
				4DA39910242CFE07004838F8 /* UserDefaultsKey.swift */,
			);
			path = Utils;
			sourceTree = "<group>";
		};
		4DB9AA32242C1F9E00D08E1E /* NewEntry */ = {
			isa = PBXGroup;
			children = (
				4DB9AA36242C1FD900D08E1E /* NewEntryCoordinator.swift */,
				4DB9AA38242C1FE200D08E1E /* NewEntryViewController.swift */,
				4DB9AA39242C1FE200D08E1E /* NewEntryViewController.xib */,
				4DB9AA34242C1FCE00D08E1E /* NewEntryViewModel.swift */,
			);
			path = NewEntry;
			sourceTree = "<group>";
		};
		4DB9AA33242C1FBA00D08E1E /* DiaryDetail */ = {
			isa = PBXGroup;
			children = (
				4DB9AA40242C200200D08E1E /* DiaryDetailCoordinator.swift */,
				4DA39919242D577C004838F8 /* DiaryDetailViewController.swift */,
				4DA3991A242D577C004838F8 /* DiaryDetailViewController.xib */,
				4DB9AA42242C200900D08E1E /* DiaryDetailViewModel.swift */,
			);
			path = DiaryDetail;
			sourceTree = "<group>";
		};
		4DB9AA44242C2CFE00D08E1E /* DiaryCell */ = {
			isa = PBXGroup;
			children = (
				4DB9AA49242C314500D08E1E /* DiaryCellViewModel.swift */,
				4DA39925242D66E9004838F8 /* DiaryTableViewCell.swift */,
				4DB9AA46242C30D100D08E1E /* DiaryTableViewCell.xib */,
			);
			path = DiaryCell;
			sourceTree = "<group>";
		};
/* End PBXGroup section */

/* Begin PBXNativeTarget section */
		4D3AD187242BA714007E2D8A /* MobileDiary */ = {
			isa = PBXNativeTarget;
			buildConfigurationList = 4D3AD1B2242BA719007E2D8A /* Build configuration list for PBXNativeTarget "MobileDiary" */;
			buildPhases = (
				4D3AD184242BA714007E2D8A /* Sources */,
				4D3AD185242BA714007E2D8A /* Frameworks */,
				4D3AD186242BA714007E2D8A /* Resources */,
			);
			buildRules = (
			);
			dependencies = (
			);
			name = MobileDiary;
			productName = MobileDiary;
			productReference = 4D3AD188242BA714007E2D8A /* MobileDiary.app */;
			productType = "com.apple.product-type.application";
		};
		4D3AD19D242BA719007E2D8A /* MobileDiaryTests */ = {
			isa = PBXNativeTarget;
			buildConfigurationList = 4D3AD1B5242BA719007E2D8A /* Build configuration list for PBXNativeTarget "MobileDiaryTests" */;
			buildPhases = (
				4D3AD19A242BA719007E2D8A /* Sources */,
				4D3AD19B242BA719007E2D8A /* Frameworks */,
				4D3AD19C242BA719007E2D8A /* Resources */,
			);
			buildRules = (
			);
			dependencies = (
				4D3AD1A0242BA719007E2D8A /* PBXTargetDependency */,
			);
			name = MobileDiaryTests;
			productName = MobileDiaryTests;
			productReference = 4D3AD19E242BA719007E2D8A /* MobileDiaryTests.xctest */;
			productType = "com.apple.product-type.bundle.unit-test";
		};
		4D3AD1A8242BA719007E2D8A /* MobileDiaryUITests */ = {
			isa = PBXNativeTarget;
			buildConfigurationList = 4D3AD1B8242BA719007E2D8A /* Build configuration list for PBXNativeTarget "MobileDiaryUITests" */;
			buildPhases = (
				4D3AD1A5242BA719007E2D8A /* Sources */,
				4D3AD1A6242BA719007E2D8A /* Frameworks */,
				4D3AD1A7242BA719007E2D8A /* Resources */,
			);
			buildRules = (
			);
			dependencies = (
				4D3AD1AB242BA719007E2D8A /* PBXTargetDependency */,
			);
			name = MobileDiaryUITests;
			productName = MobileDiaryUITests;
			productReference = 4D3AD1A9242BA719007E2D8A /* MobileDiaryUITests.xctest */;
			productType = "com.apple.product-type.bundle.ui-testing";
		};
/* End PBXNativeTarget section */

/* Begin PBXProject section */
		4D3AD180242BA714007E2D8A /* Project object */ = {
			isa = PBXProject;
			attributes = {
				LastSwiftUpdateCheck = 1130;
				LastUpgradeCheck = 1130;
				ORGANIZATIONNAME = Siqueira;
				TargetAttributes = {
					4D3AD187242BA714007E2D8A = {
						CreatedOnToolsVersion = 11.3.1;
					};
					4D3AD19D242BA719007E2D8A = {
						CreatedOnToolsVersion = 11.3.1;
						TestTargetID = 4D3AD187242BA714007E2D8A;
					};
					4D3AD1A8242BA719007E2D8A = {
						CreatedOnToolsVersion = 11.3.1;
						TestTargetID = 4D3AD187242BA714007E2D8A;
					};
				};
			};
			buildConfigurationList = 4D3AD183242BA714007E2D8A /* Build configuration list for PBXProject "MobileDiary" */;
			compatibilityVersion = "Xcode 9.3";
			developmentRegion = en;
			hasScannedForEncodings = 0;
			knownRegions = (
				en,
				Base,
			);
			mainGroup = 4D3AD17F242BA714007E2D8A;
			productRefGroup = 4D3AD189242BA714007E2D8A /* Products */;
			projectDirPath = "";
			projectRoot = "";
			targets = (
				4D3AD187242BA714007E2D8A /* MobileDiary */,
				4D3AD19D242BA719007E2D8A /* MobileDiaryTests */,
				4D3AD1A8242BA719007E2D8A /* MobileDiaryUITests */,
			);
		};
/* End PBXProject section */

/* Begin PBXResourcesBuildPhase section */
		4D3AD186242BA714007E2D8A /* Resources */ = {
			isa = PBXResourcesBuildPhase;
			buildActionMask = 2147483647;
			files = (
				4D3AD198242BA718007E2D8A /* LaunchScreen.storyboard in Resources */,
				4DB9AA3B242C1FE200D08E1E /* NewEntryViewController.xib in Resources */,
				4DA3991C242D577C004838F8 /* DiaryDetailViewController.xib in Resources */,
				4D3AD1BE242BA7CF007E2D8A /* Localizable.strings in Resources */,
				4D3AD1CB242BA95B007E2D8A /* HomeViewController.xib in Resources */,
				4D3AD195242BA718007E2D8A /* Assets.xcassets in Resources */,
				4DB9AA48242C30D100D08E1E /* DiaryTableViewCell.xib in Resources */,
			);
			runOnlyForDeploymentPostprocessing = 0;
		};
		4D3AD19C242BA719007E2D8A /* Resources */ = {
			isa = PBXResourcesBuildPhase;
			buildActionMask = 2147483647;
			files = (
			);
			runOnlyForDeploymentPostprocessing = 0;
		};
		4D3AD1A7242BA719007E2D8A /* Resources */ = {
			isa = PBXResourcesBuildPhase;
			buildActionMask = 2147483647;
			files = (
			);
			runOnlyForDeploymentPostprocessing = 0;
		};
/* End PBXResourcesBuildPhase section */

/* Begin PBXSourcesBuildPhase section */
		4D3AD184242BA714007E2D8A /* Sources */ = {
			isa = PBXSourcesBuildPhase;
			buildActionMask = 2147483647;
			files = (
				4DB9AA31242C19E100D08E1E /* BiometryAuthorization.swift in Sources */,
				4DA3991E242D6403004838F8 /* Dynamic.swift in Sources */,
				4DB9AA4A242C314500D08E1E /* DiaryCellViewModel.swift in Sources */,
				4D3AD1C4242BA8C7007E2D8A /* ApplicationCoordinator.swift in Sources */,
				4DB9AA43242C200900D08E1E /* DiaryDetailViewModel.swift in Sources */,
				4DB9AA37242C1FD900D08E1E /* NewEntryCoordinator.swift in Sources */,
				4D3AD1C2242BA8A6007E2D8A /* Coordinator.swift in Sources */,
				4DB9AA3A242C1FE200D08E1E /* NewEntryViewController.swift in Sources */,
				4D3AD18C242BA714007E2D8A /* AppDelegate.swift in Sources */,
				4D3AD18E242BA714007E2D8A /* SceneDelegate.swift in Sources */,
				4DA39911242CFE07004838F8 /* UserDefaultsKey.swift in Sources */,
				4DA39926242D66E9004838F8 /* DiaryTableViewCell.swift in Sources */,
				4DA3992A242D691D004838F8 /* UIViewController+Extension.swift in Sources */,
				4DA39928242D6748004838F8 /* String+Localization.swift in Sources */,
				4DA3990F242CFDC3004838F8 /* Diary.swift in Sources */,
				4DB9AA41242C200200D08E1E /* DiaryDetailCoordinator.swift in Sources */,
				4D3AD1CA242BA95B007E2D8A /* HomeViewController.swift in Sources */,
				4DA3991B242D577C004838F8 /* DiaryDetailViewController.swift in Sources */,
				4DB9AA35242C1FCE00D08E1E /* NewEntryViewModel.swift in Sources */,
				4D3AD1CD242BAA70007E2D8A /* HomeViewModel.swift in Sources */,
				4DA39914242D09C8004838F8 /* Date+Extension.swift in Sources */,
				4D3AD1C7242BA94F007E2D8A /* HomeCoordinator.swift in Sources */,
			);
			runOnlyForDeploymentPostprocessing = 0;
		};
		4D3AD19A242BA719007E2D8A /* Sources */ = {
			isa = PBXSourcesBuildPhase;
			buildActionMask = 2147483647;
			files = (
				4D3AD1A3242BA719007E2D8A /* MobileDiaryTests.swift in Sources */,
			);
			runOnlyForDeploymentPostprocessing = 0;
		};
		4D3AD1A5242BA719007E2D8A /* Sources */ = {
			isa = PBXSourcesBuildPhase;
			buildActionMask = 2147483647;
			files = (
				4D3AD1AE242BA719007E2D8A /* MobileDiaryUITests.swift in Sources */,
			);
			runOnlyForDeploymentPostprocessing = 0;
		};
/* End PBXSourcesBuildPhase section */

/* Begin PBXTargetDependency section */
		4D3AD1A0242BA719007E2D8A /* PBXTargetDependency */ = {
			isa = PBXTargetDependency;
			target = 4D3AD187242BA714007E2D8A /* MobileDiary */;
			targetProxy = 4D3AD19F242BA719007E2D8A /* PBXContainerItemProxy */;
		};
		4D3AD1AB242BA719007E2D8A /* PBXTargetDependency */ = {
			isa = PBXTargetDependency;
			target = 4D3AD187242BA714007E2D8A /* MobileDiary */;
			targetProxy = 4D3AD1AA242BA719007E2D8A /* PBXContainerItemProxy */;
		};
/* End PBXTargetDependency section */

/* Begin PBXVariantGroup section */
		4D3AD196242BA718007E2D8A /* LaunchScreen.storyboard */ = {
			isa = PBXVariantGroup;
			children = (
				4D3AD197242BA718007E2D8A /* Base */,
			);
			name = LaunchScreen.storyboard;
			sourceTree = "<group>";
		};
/* End PBXVariantGroup section */

/* Begin XCBuildConfiguration section */
		4D3AD1B0242BA719007E2D8A /* Debug */ = {
			isa = XCBuildConfiguration;
			buildSettings = {
				ALWAYS_SEARCH_USER_PATHS = NO;
				CLANG_ANALYZER_NONNULL = YES;
				CLANG_ANALYZER_NUMBER_OBJECT_CONVERSION = YES_AGGRESSIVE;
				CLANG_CXX_LANGUAGE_STANDARD = "gnu++14";
				CLANG_CXX_LIBRARY = "libc++";
				CLANG_ENABLE_MODULES = YES;
				CLANG_ENABLE_OBJC_ARC = YES;
				CLANG_ENABLE_OBJC_WEAK = YES;
				CLANG_WARN_BLOCK_CAPTURE_AUTORELEASING = YES;
				CLANG_WARN_BOOL_CONVERSION = YES;
				CLANG_WARN_COMMA = YES;
				CLANG_WARN_CONSTANT_CONVERSION = YES;
				CLANG_WARN_DEPRECATED_OBJC_IMPLEMENTATIONS = YES;
				CLANG_WARN_DIRECT_OBJC_ISA_USAGE = YES_ERROR;
				CLANG_WARN_DOCUMENTATION_COMMENTS = YES;
				CLANG_WARN_EMPTY_BODY = YES;
				CLANG_WARN_ENUM_CONVERSION = YES;
				CLANG_WARN_INFINITE_RECURSION = YES;
				CLANG_WARN_INT_CONVERSION = YES;
				CLANG_WARN_NON_LITERAL_NULL_CONVERSION = YES;
				CLANG_WARN_OBJC_IMPLICIT_RETAIN_SELF = YES;
				CLANG_WARN_OBJC_LITERAL_CONVERSION = YES;
				CLANG_WARN_OBJC_ROOT_CLASS = YES_ERROR;
				CLANG_WARN_RANGE_LOOP_ANALYSIS = YES;
				CLANG_WARN_STRICT_PROTOTYPES = YES;
				CLANG_WARN_SUSPICIOUS_MOVE = YES;
				CLANG_WARN_UNGUARDED_AVAILABILITY = YES_AGGRESSIVE;
				CLANG_WARN_UNREACHABLE_CODE = YES;
				CLANG_WARN__DUPLICATE_METHOD_MATCH = YES;
				COPY_PHASE_STRIP = NO;
				DEBUG_INFORMATION_FORMAT = dwarf;
				ENABLE_STRICT_OBJC_MSGSEND = YES;
				ENABLE_TESTABILITY = YES;
				GCC_C_LANGUAGE_STANDARD = gnu11;
				GCC_DYNAMIC_NO_PIC = NO;
				GCC_NO_COMMON_BLOCKS = YES;
				GCC_OPTIMIZATION_LEVEL = 0;
				GCC_PREPROCESSOR_DEFINITIONS = (
					"DEBUG=1",
					"$(inherited)",
				);
				GCC_WARN_64_TO_32_BIT_CONVERSION = YES;
				GCC_WARN_ABOUT_RETURN_TYPE = YES_ERROR;
				GCC_WARN_UNDECLARED_SELECTOR = YES;
				GCC_WARN_UNINITIALIZED_AUTOS = YES_AGGRESSIVE;
				GCC_WARN_UNUSED_FUNCTION = YES;
				GCC_WARN_UNUSED_VARIABLE = YES;
				IPHONEOS_DEPLOYMENT_TARGET = 13.2;
				MTL_ENABLE_DEBUG_INFO = INCLUDE_SOURCE;
				MTL_FAST_MATH = YES;
				ONLY_ACTIVE_ARCH = YES;
				SDKROOT = iphoneos;
				SWIFT_ACTIVE_COMPILATION_CONDITIONS = DEBUG;
				SWIFT_OPTIMIZATION_LEVEL = "-Onone";
			};
			name = Debug;
		};
		4D3AD1B1242BA719007E2D8A /* Release */ = {
			isa = XCBuildConfiguration;
			buildSettings = {
				ALWAYS_SEARCH_USER_PATHS = NO;
				CLANG_ANALYZER_NONNULL = YES;
				CLANG_ANALYZER_NUMBER_OBJECT_CONVERSION = YES_AGGRESSIVE;
				CLANG_CXX_LANGUAGE_STANDARD = "gnu++14";
				CLANG_CXX_LIBRARY = "libc++";
				CLANG_ENABLE_MODULES = YES;
				CLANG_ENABLE_OBJC_ARC = YES;
				CLANG_ENABLE_OBJC_WEAK = YES;
				CLANG_WARN_BLOCK_CAPTURE_AUTORELEASING = YES;
				CLANG_WARN_BOOL_CONVERSION = YES;
				CLANG_WARN_COMMA = YES;
				CLANG_WARN_CONSTANT_CONVERSION = YES;
				CLANG_WARN_DEPRECATED_OBJC_IMPLEMENTATIONS = YES;
				CLANG_WARN_DIRECT_OBJC_ISA_USAGE = YES_ERROR;
				CLANG_WARN_DOCUMENTATION_COMMENTS = YES;
				CLANG_WARN_EMPTY_BODY = YES;
				CLANG_WARN_ENUM_CONVERSION = YES;
				CLANG_WARN_INFINITE_RECURSION = YES;
				CLANG_WARN_INT_CONVERSION = YES;
				CLANG_WARN_NON_LITERAL_NULL_CONVERSION = YES;
				CLANG_WARN_OBJC_IMPLICIT_RETAIN_SELF = YES;
				CLANG_WARN_OBJC_LITERAL_CONVERSION = YES;
				CLANG_WARN_OBJC_ROOT_CLASS = YES_ERROR;
				CLANG_WARN_RANGE_LOOP_ANALYSIS = YES;
				CLANG_WARN_STRICT_PROTOTYPES = YES;
				CLANG_WARN_SUSPICIOUS_MOVE = YES;
				CLANG_WARN_UNGUARDED_AVAILABILITY = YES_AGGRESSIVE;
				CLANG_WARN_UNREACHABLE_CODE = YES;
				CLANG_WARN__DUPLICATE_METHOD_MATCH = YES;
				COPY_PHASE_STRIP = NO;
				DEBUG_INFORMATION_FORMAT = "dwarf-with-dsym";
				ENABLE_NS_ASSERTIONS = NO;
				ENABLE_STRICT_OBJC_MSGSEND = YES;
				GCC_C_LANGUAGE_STANDARD = gnu11;
				GCC_NO_COMMON_BLOCKS = YES;
				GCC_WARN_64_TO_32_BIT_CONVERSION = YES;
				GCC_WARN_ABOUT_RETURN_TYPE = YES_ERROR;
				GCC_WARN_UNDECLARED_SELECTOR = YES;
				GCC_WARN_UNINITIALIZED_AUTOS = YES_AGGRESSIVE;
				GCC_WARN_UNUSED_FUNCTION = YES;
				GCC_WARN_UNUSED_VARIABLE = YES;
				IPHONEOS_DEPLOYMENT_TARGET = 13.2;
				MTL_ENABLE_DEBUG_INFO = NO;
				MTL_FAST_MATH = YES;
				SDKROOT = iphoneos;
				SWIFT_COMPILATION_MODE = wholemodule;
				SWIFT_OPTIMIZATION_LEVEL = "-O";
				VALIDATE_PRODUCT = YES;
			};
			name = Release;
		};
		4D3AD1B3242BA719007E2D8A /* Debug */ = {
			isa = XCBuildConfiguration;
			buildSettings = {
				ASSETCATALOG_COMPILER_APPICON_NAME = AppIcon;
				CODE_SIGN_STYLE = Automatic;
				DEVELOPMENT_TEAM = 95JV778GN4;
				INFOPLIST_FILE = MobileDiary/Application/Info.plist;
				LD_RUNPATH_SEARCH_PATHS = (
					"$(inherited)",
					"@executable_path/Frameworks",
				);
				PRODUCT_BUNDLE_IDENTIFIER = com.siqueira.MobileDiary;
				PRODUCT_NAME = "$(TARGET_NAME)";
				SWIFT_VERSION = 5.0;
				TARGETED_DEVICE_FAMILY = 1;
			};
			name = Debug;
		};
		4D3AD1B4242BA719007E2D8A /* Release */ = {
			isa = XCBuildConfiguration;
			buildSettings = {
				ASSETCATALOG_COMPILER_APPICON_NAME = AppIcon;
				CODE_SIGN_STYLE = Automatic;
				DEVELOPMENT_TEAM = 95JV778GN4;
				INFOPLIST_FILE = MobileDiary/Application/Info.plist;
				LD_RUNPATH_SEARCH_PATHS = (
					"$(inherited)",
					"@executable_path/Frameworks",
				);
				PRODUCT_BUNDLE_IDENTIFIER = com.siqueira.MobileDiary;
				PRODUCT_NAME = "$(TARGET_NAME)";
				SWIFT_VERSION = 5.0;
				TARGETED_DEVICE_FAMILY = 1;
			};
			name = Release;
		};
		4D3AD1B6242BA719007E2D8A /* Debug */ = {
			isa = XCBuildConfiguration;
			buildSettings = {
				ALWAYS_EMBED_SWIFT_STANDARD_LIBRARIES = YES;
				BUNDLE_LOADER = "$(TEST_HOST)";
				CODE_SIGN_STYLE = Automatic;
				DEVELOPMENT_TEAM = 95JV778GN4;
				INFOPLIST_FILE = MobileDiaryTests/Info.plist;
				IPHONEOS_DEPLOYMENT_TARGET = 13.2;
				LD_RUNPATH_SEARCH_PATHS = (
					"$(inherited)",
					"@executable_path/Frameworks",
					"@loader_path/Frameworks",
				);
				PRODUCT_BUNDLE_IDENTIFIER = com.siqueira.MobileDiaryTests;
				PRODUCT_NAME = "$(TARGET_NAME)";
				SWIFT_VERSION = 5.0;
				TARGETED_DEVICE_FAMILY = "1,2";
				TEST_HOST = "$(BUILT_PRODUCTS_DIR)/MobileDiary.app/MobileDiary";
			};
			name = Debug;
		};
		4D3AD1B7242BA719007E2D8A /* Release */ = {
			isa = XCBuildConfiguration;
			buildSettings = {
				ALWAYS_EMBED_SWIFT_STANDARD_LIBRARIES = YES;
				BUNDLE_LOADER = "$(TEST_HOST)";
				CODE_SIGN_STYLE = Automatic;
				DEVELOPMENT_TEAM = 95JV778GN4;
				INFOPLIST_FILE = MobileDiaryTests/Info.plist;
				IPHONEOS_DEPLOYMENT_TARGET = 13.2;
				LD_RUNPATH_SEARCH_PATHS = (
					"$(inherited)",
					"@executable_path/Frameworks",
					"@loader_path/Frameworks",
				);
				PRODUCT_BUNDLE_IDENTIFIER = com.siqueira.MobileDiaryTests;
				PRODUCT_NAME = "$(TARGET_NAME)";
				SWIFT_VERSION = 5.0;
				TARGETED_DEVICE_FAMILY = "1,2";
				TEST_HOST = "$(BUILT_PRODUCTS_DIR)/MobileDiary.app/MobileDiary";
			};
			name = Release;
		};
		4D3AD1B9242BA719007E2D8A /* Debug */ = {
			isa = XCBuildConfiguration;
			buildSettings = {
				ALWAYS_EMBED_SWIFT_STANDARD_LIBRARIES = YES;
				CODE_SIGN_STYLE = Automatic;
				DEVELOPMENT_TEAM = 95JV778GN4;
				INFOPLIST_FILE = MobileDiaryUITests/Info.plist;
				LD_RUNPATH_SEARCH_PATHS = (
					"$(inherited)",
					"@executable_path/Frameworks",
					"@loader_path/Frameworks",
				);
				PRODUCT_BUNDLE_IDENTIFIER = com.siqueira.MobileDiaryUITests;
				PRODUCT_NAME = "$(TARGET_NAME)";
				SWIFT_VERSION = 5.0;
				TARGETED_DEVICE_FAMILY = "1,2";
				TEST_TARGET_NAME = MobileDiary;
			};
			name = Debug;
		};
		4D3AD1BA242BA719007E2D8A /* Release */ = {
			isa = XCBuildConfiguration;
			buildSettings = {
				ALWAYS_EMBED_SWIFT_STANDARD_LIBRARIES = YES;
				CODE_SIGN_STYLE = Automatic;
				DEVELOPMENT_TEAM = 95JV778GN4;
				INFOPLIST_FILE = MobileDiaryUITests/Info.plist;
				LD_RUNPATH_SEARCH_PATHS = (
					"$(inherited)",
					"@executable_path/Frameworks",
					"@loader_path/Frameworks",
				);
				PRODUCT_BUNDLE_IDENTIFIER = com.siqueira.MobileDiaryUITests;
				PRODUCT_NAME = "$(TARGET_NAME)";
				SWIFT_VERSION = 5.0;
				TARGETED_DEVICE_FAMILY = "1,2";
				TEST_TARGET_NAME = MobileDiary;
			};
			name = Release;
		};
/* End XCBuildConfiguration section */

/* Begin XCConfigurationList section */
		4D3AD183242BA714007E2D8A /* Build configuration list for PBXProject "MobileDiary" */ = {
			isa = XCConfigurationList;
			buildConfigurations = (
				4D3AD1B0242BA719007E2D8A /* Debug */,
				4D3AD1B1242BA719007E2D8A /* Release */,
			);
			defaultConfigurationIsVisible = 0;
			defaultConfigurationName = Release;
		};
		4D3AD1B2242BA719007E2D8A /* Build configuration list for PBXNativeTarget "MobileDiary" */ = {
			isa = XCConfigurationList;
			buildConfigurations = (
				4D3AD1B3242BA719007E2D8A /* Debug */,
				4D3AD1B4242BA719007E2D8A /* Release */,
			);
			defaultConfigurationIsVisible = 0;
			defaultConfigurationName = Release;
		};
		4D3AD1B5242BA719007E2D8A /* Build configuration list for PBXNativeTarget "MobileDiaryTests" */ = {
			isa = XCConfigurationList;
			buildConfigurations = (
				4D3AD1B6242BA719007E2D8A /* Debug */,
				4D3AD1B7242BA719007E2D8A /* Release */,
			);
			defaultConfigurationIsVisible = 0;
			defaultConfigurationName = Release;
		};
		4D3AD1B8242BA719007E2D8A /* Build configuration list for PBXNativeTarget "MobileDiaryUITests" */ = {
			isa = XCConfigurationList;
			buildConfigurations = (
				4D3AD1B9242BA719007E2D8A /* Debug */,
				4D3AD1BA242BA719007E2D8A /* Release */,
			);
			defaultConfigurationIsVisible = 0;
			defaultConfigurationName = Release;
		};
/* End XCConfigurationList section */
	};
	rootObject = 4D3AD180242BA714007E2D8A /* Project object */;
}
